# THIS IS AN AUTOGENERATED FILE. DO NOT EDIT THIS FILE DIRECTLY.
# yarn lockfile v1


sstp@^1.0.6:
  version "1.0.6"
  resolved "https://registry.yarnpkg.com/sstp/-/sstp-1.0.6.tgz#327f8fad993514a4a708edb8f5cc165f191d2f74"
  dependencies:
    xmldom "~0.1.19"

xmldom@~0.1.19:
  version "0.1.27"
  resolved "https://registry.yarnpkg.com/xmldom/-/xmldom-0.1.27.tgz#d501f97b3bdb403af8ef9ecc20573187aadac0e9"
